
Microsoft Visual Studio Solution File, Format Version 12.00
Project("{FAE04EC0-301F-11D3-BF4B-00C04F79EFBC}") = "Coplt.Graphics.Core", "Coplt.Graphics.Core\Coplt.Graphics.Core.csproj", "{6813F522-1C62-499D-AD26-B87636689DB2}"
EndProject
Project("{2150E333-8FDC-42A3-9474-1A3956D46DE8}") = "Examples", "Examples", "{DBD91642-35A7-4287-9856-CA8E09605928}"
EndProject
Project("{FAE04EC0-301F-11D3-BF4B-00C04F79EFBC}") = "HelloTriangle", "Examples\HelloTriangle\HelloTriangle.csproj", "{2ABF3CFF-8E44-4992-A633-491B2AAA5BFB}"
EndProject
Project("{FAE04EC0-301F-11D3-BF4B-00C04F79EFBC}") = "Coplt.Graphics.Native.D3d12", "Coplt.Graphics.Native.D3d12\Coplt.Graphics.Native.D3d12.csproj", "{9B2BF8A4-3978-4639-B8D8-20C75138CDC9}"
EndProject
Project("{FAE04EC0-301F-11D3-BF4B-00C04F79EFBC}") = "ExampleBase", "Examples\ExampleBase\ExampleBase.csproj", "{B4F50522-B216-413B-AEC5-ED6D9114D1EE}"
EndProject
Project("{FAE04EC0-301F-11D3-BF4B-00C04F79EFBC}") = "HelloTriangleVertex", "Examples\HelloTriangleVertex\HelloTriangleVertex.csproj", "{1173C015-4D34-4DD1-85F6-98C68FDC50BB}"
EndProject
Project("{FAE04EC0-301F-11D3-BF4B-00C04F79EFBC}") = "Colorful", "Examples\Colorful\Colorful.csproj", "{C4C82737-D197-447B-B663-2DEFE3CE6679}"
EndProject
Global
	GlobalSection(SolutionConfigurationPlatforms) = preSolution
		Debug|Any CPU = Debug|Any CPU
		Release|Any CPU = Release|Any CPU
	EndGlobalSection
	GlobalSection(ProjectConfigurationPlatforms) = postSolution
		{6813F522-1C62-499D-AD26-B87636689DB2}.Debug|Any CPU.ActiveCfg = Debug|Any CPU
		{6813F522-1C62-499D-AD26-B87636689DB2}.Debug|Any CPU.Build.0 = Debug|Any CPU
		{6813F522-1C62-499D-AD26-B87636689DB2}.Release|Any CPU.ActiveCfg = Release|Any CPU
		{6813F522-1C62-499D-AD26-B87636689DB2}.Release|Any CPU.Build.0 = Release|Any CPU
		{2ABF3CFF-8E44-4992-A633-491B2AAA5BFB}.Debug|Any CPU.ActiveCfg = Debug|Any CPU
		{2ABF3CFF-8E44-4992-A633-491B2AAA5BFB}.Debug|Any CPU.Build.0 = Debug|Any CPU
		{2ABF3CFF-8E44-4992-A633-491B2AAA5BFB}.Release|Any CPU.ActiveCfg = Release|Any CPU
		{2ABF3CFF-8E44-4992-A633-491B2AAA5BFB}.Release|Any CPU.Build.0 = Release|Any CPU
		{9B2BF8A4-3978-4639-B8D8-20C75138CDC9}.Debug|Any CPU.ActiveCfg = Debug|Any CPU
		{9B2BF8A4-3978-4639-B8D8-20C75138CDC9}.Debug|Any CPU.Build.0 = Debug|Any CPU
		{9B2BF8A4-3978-4639-B8D8-20C75138CDC9}.Release|Any CPU.ActiveCfg = Release|Any CPU
		{9B2BF8A4-3978-4639-B8D8-20C75138CDC9}.Release|Any CPU.Build.0 = Release|Any CPU
		{B4F50522-B216-413B-AEC5-ED6D9114D1EE}.Debug|Any CPU.ActiveCfg = Debug|Any CPU
		{B4F50522-B216-413B-AEC5-ED6D9114D1EE}.Debug|Any CPU.Build.0 = Debug|Any CPU
		{B4F50522-B216-413B-AEC5-ED6D9114D1EE}.Release|Any CPU.ActiveCfg = Release|Any CPU
		{B4F50522-B216-413B-AEC5-ED6D9114D1EE}.Release|Any CPU.Build.0 = Release|Any CPU
		{1173C015-4D34-4DD1-85F6-98C68FDC50BB}.Debug|Any CPU.ActiveCfg = Debug|Any CPU
		{1173C015-4D34-4DD1-85F6-98C68FDC50BB}.Debug|Any CPU.Build.0 = Debug|Any CPU
		{1173C015-4D34-4DD1-85F6-98C68FDC50BB}.Release|Any CPU.ActiveCfg = Release|Any CPU
		{1173C015-4D34-4DD1-85F6-98C68FDC50BB}.Release|Any CPU.Build.0 = Release|Any CPU
		{C4C82737-D197-447B-B663-2DEFE3CE6679}.Debug|Any CPU.ActiveCfg = Debug|Any CPU
		{C4C82737-D197-447B-B663-2DEFE3CE6679}.Debug|Any CPU.Build.0 = Debug|Any CPU
		{C4C82737-D197-447B-B663-2DEFE3CE6679}.Release|Any CPU.ActiveCfg = Release|Any CPU
		{C4C82737-D197-447B-B663-2DEFE3CE6679}.Release|Any CPU.Build.0 = Release|Any CPU
	EndGlobalSection
	GlobalSection(NestedProjects) = preSolution
		{2ABF3CFF-8E44-4992-A633-491B2AAA5BFB} = {DBD91642-35A7-4287-9856-CA8E09605928}
		{B4F50522-B216-413B-AEC5-ED6D9114D1EE} = {DBD91642-35A7-4287-9856-CA8E09605928}
		{1173C015-4D34-4DD1-85F6-98C68FDC50BB} = {DBD91642-35A7-4287-9856-CA8E09605928}
		{C4C82737-D197-447B-B663-2DEFE3CE6679} = {DBD91642-35A7-4287-9856-CA8E09605928}
	EndGlobalSection
EndGlobal
